
Microsoft Visual Studio Solution File, Format Version 12.00
# Visual Studio Version 16
VisualStudioVersion = 16.0.31613.86
MinimumVisualStudioVersion = 10.0.40219.1
Project("{FAE04EC0-301F-11D3-BF4B-00C04F79EFBC}") = "BlazorTest", "BlazorTest.csproj", "{38B90BEA-23CD-4519-89CB-90FE145E2497}"
EndProject
Global
	GlobalSection(SolutionConfigurationPlatforms) = preSolution
		Debug|Any CPU = Debug|Any CPU
		Release|Any CPU = Release|Any CPU
	EndGlobalSection
	GlobalSection(ProjectConfigurationPlatforms) = postSolution
		{38B90BEA-23CD-4519-89CB-90FE145E2497}.Debug|Any CPU.ActiveCfg = Debug|Any CPU
		{38B90BEA-23CD-4519-89CB-90FE145E2497}.Debug|Any CPU.Build.0 = Debug|Any CPU
		{38B90BEA-23CD-4519-89CB-90FE145E2497}.Release|Any CPU.ActiveCfg = Release|Any CPU
		{38B90BEA-23CD-4519-89CB-90FE145E2497}.Release|Any CPU.Build.0 = Release|Any CPU
	EndGlobalSection
	GlobalSection(SolutionProperties) = preSolution
		HideSolutionNode = FALSE
	EndGlobalSection
	GlobalSection(ExtensibilityGlobals) = postSolution
		SolutionGuid = {02FA0ACA-B852-4DD8-8090-FFDC07B66060}
	EndGlobalSection
EndGlobal
